# This file is automatically @generated by Wally.
# It is not intended for manual editing.
registry = "test"

[[package]]
name = "scrpt2r/encodingtechniques2"
version = "1.0.1"
dependencies = []

[[package]]
name = "umut/byteflow"
version = "0.1.0"
dependencies = [["encodingTechniques", "scrpt2r/encodingtechniques2@1.0.1"]]
